
Microsoft Visual Studio Solution File, Format Version 12.00
# Visual Studio 15
VisualStudioVersion = 15.0.27004.2009
MinimumVisualStudioVersion = 10.0.40219.1
Project("{FAE04EC0-301F-11D3-BF4B-00C04F79EFBC}") = "DrJasmine", "DrJasmine\DrJasmine.csproj", "{415F410A-00F2-40D0-BB88-90D071607F69}"
EndProject
Global
	GlobalSection(SolutionConfigurationPlatforms) = preSolution
		Debug|Any CPU = Debug|Any CPU
		Release|Any CPU = Release|Any CPU
	EndGlobalSection
	GlobalSection(ProjectConfigurationPlatforms) = postSolution
		{415F410A-00F2-40D0-BB88-90D071607F69}.Debug|Any CPU.ActiveCfg = Debug|Any CPU
		{415F410A-00F2-40D0-BB88-90D071607F69}.Debug|Any CPU.Build.0 = Debug|Any CPU
		{415F410A-00F2-40D0-BB88-90D071607F69}.Release|Any CPU.ActiveCfg = Release|Any CPU
		{415F410A-00F2-40D0-BB88-90D071607F69}.Release|Any CPU.Build.0 = Release|Any CPU
	EndGlobalSection
	GlobalSection(SolutionProperties) = preSolution
		HideSolutionNode = FALSE
	EndGlobalSection
	GlobalSection(ExtensibilityGlobals) = postSolution
		SolutionGuid = {C54BFDFB-FBE2-46E4-8A6C-F1548B610DA1}
	EndGlobalSection
EndGlobal
